dependencies:
- name: common
  repository: oci://registry-1.docker.io/bitnamicharts
  version: 2.30.0
- name: postgresql
  repository: https://charts.bitnami.com/bitnami
  version: 12.12.10
digest: sha256:0625c8b634eb81811f2c3e18a6f055b2bd89ecb98ec4ec18a124ca75fb6262e1
generated: "2025-03-22T14:53:16.507261+01:00"
