dependencies:
- name: erato
  repository: file://../../charts/erato
  version: 0.6.2
- name: seaweedfs
  repository: https://seaweedfs.github.io/seaweedfs/helm
  version: 4.0.408
digest: sha256:5b8b0746a100834b2857aac779b1359e6a562315fc365a092279f77aa3117278
generated: "2026-09-30T14:14:36.718685+02:00"
